
Microsoft Visual Studio Solution File, Format Version 12.00
# Visual Studio 15
VisualStudioVersion = 15.0.28307.136
MinimumVisualStudioVersion = 10.0.40219.1
Project("{FAE04EC0-301F-11D3-BF4B-00C04F79EFBC}") = "WordSelectionTool", "WordSelectionTool\WordSelectionTool.csproj", "{99F14403-6C3F-45C1-AC27-9204085843E1}"
EndProject
Global
	GlobalSection(SolutionConfigurationPlatforms) = preSolution
		Debug|Any CPU = Debug|Any CPU
		Release|Any CPU = Release|Any CPU
	EndGlobalSection
	GlobalSection(ProjectConfigurationPlatforms) = postSolution
		{99F14403-6C3F-45C1-AC27-9204085843E1}.Debug|Any CPU.ActiveCfg = Debug|Any CPU
		{99F14403-6C3F-45C1-AC27-9204085843E1}.Debug|Any CPU.Build.0 = Debug|Any CPU
		{99F14403-6C3F-45C1-AC27-9204085843E1}.Release|Any CPU.ActiveCfg = Release|Any CPU
		{99F14403-6C3F-45C1-AC27-9204085843E1}.Release|Any CPU.Build.0 = Release|Any CPU
	EndGlobalSection
	GlobalSection(SolutionProperties) = preSolution
		HideSolutionNode = FALSE
	EndGlobalSection
	GlobalSection(ExtensibilityGlobals) = postSolution
		SolutionGuid = {32A5F323-2BF1-4FF6-AE11-D221662001FD}
	EndGlobalSection
EndGlobal
